
Microsoft Visual Studio Solution File, Format Version 12.00
# Visual Studio 15
VisualStudioVersion = 15.0.27130.2036
MinimumVisualStudioVersion = 10.0.40219.1
Project("{888888A0-9F3D-457C-B088-3A5042F75D52}") = "Intro to Statistics", "Intro to Statistics\Intro to Statistics.pyproj", "{F80ACBA1-5022-4CF6-922E-C78C17D647A2}"
EndProject
Global
	GlobalSection(SolutionConfigurationPlatforms) = preSolution
		Debug|Any CPU = Debug|Any CPU
		Release|Any CPU = Release|Any CPU
	EndGlobalSection
	GlobalSection(ProjectConfigurationPlatforms) = postSolution
		{F80ACBA1-5022-4CF6-922E-C78C17D647A2}.Debug|Any CPU.ActiveCfg = Debug|Any CPU
		{F80ACBA1-5022-4CF6-922E-C78C17D647A2}.Release|Any CPU.ActiveCfg = Release|Any CPU
	EndGlobalSection
	GlobalSection(SolutionProperties) = preSolution
		HideSolutionNode = FALSE
	EndGlobalSection
	GlobalSection(ExtensibilityGlobals) = postSolution
		SolutionGuid = {6966B541-DF81-4C58-8F85-649CE75060A6}
	EndGlobalSection
EndGlobal
